// !$*UTF8*$!
{
	archiveVersion = 1;
	classes = {
	};
	objectVersion = 55;
	objects = {

/* Begin PBXBuildFile section */
		DC6296C0285A7A7500A6161C /* StringTensionTable.swift in Sources */ = {isa = PBXBuildFile; fileRef = DC6296BF285A7A7500A6161C /* StringTensionTable.swift */; };
		DC6BF179284FE72B0071459D /* Pitch.swift in Sources */ = {isa = PBXBuildFile; fileRef = DC6BF178284FE72B0071459D /* Pitch.swift */; };
		DC6BF199285257590071459D /* StringData.swift in Sources */ = {isa = PBXBuildFile; fileRef = DC6BF17A28514DCC0071459D /* StringData.swift */; };
		DC6FC6B4285D1DF900B8F2A4 /* NavPicker.swift in Sources */ = {isa = PBXBuildFile; fileRef = DC6FC6B3285D1DF900B8F2A4 /* NavPicker.swift */; };
		DC6FC6B6285D39D400B8F2A4 /* ScaleLengthView.swift in Sources */ = {isa = PBXBuildFile; fileRef = DC6FC6B5285D39D400B8F2A4 /* ScaleLengthView.swift */; };
		DC6FC6B8285E3FD000B8F2A4 /* AboutView.swift in Sources */ = {isa = PBXBuildFile; fileRef = DC6FC6B7285E3FD000B8F2A4 /* AboutView.swift */; };
		DC6FC6BA285E889400B8F2A4 /* PdfReader.swift in Sources */ = {isa = PBXBuildFile; fileRef = DC6FC6B9285E889400B8F2A4 /* PdfReader.swift */; };
		DC6FC6BC285F8DA600B8F2A4 /* GuitarTraits.swift in Sources */ = {isa = PBXBuildFile; fileRef = DC6FC6BB285F8DA500B8F2A4 /* GuitarTraits.swift */; };
		DC6FC6BE28610FCC00B8F2A4 /* ObservedArray.swift in Sources */ = {isa = PBXBuildFile; fileRef = DC6FC6BD28610FCC00B8F2A4 /* ObservedArray.swift */; };
		DC84EF45286642E6009A0175 /* StringChoicesTests.swift in Sources */ = {isa = PBXBuildFile; fileRef = DC84EF44286642E6009A0175 /* StringChoicesTests.swift */; };
		DC84EF47286644D8009A0175 /* GuitarTests.swift in Sources */ = {isa = PBXBuildFile; fileRef = DC84EF46286644D8009A0175 /* GuitarTests.swift */; };
		DC84EF4928665AC2009A0175 /* TunedString.swift in Sources */ = {isa = PBXBuildFile; fileRef = DC84EF4828665AC2009A0175 /* TunedString.swift */; };
		DC84EF4B28665AD1009A0175 /* StringChoices.swift in Sources */ = {isa = PBXBuildFile; fileRef = DC84EF4A28665AD1009A0175 /* StringChoices.swift */; };
		DC8BDF33284E8E3D008432CF /* TensityApp.swift in Sources */ = {isa = PBXBuildFile; fileRef = DC8BDF32284E8E3D008432CF /* TensityApp.swift */; };
		DC8BDF35284E8E3D008432CF /* ContentView.swift in Sources */ = {isa = PBXBuildFile; fileRef = DC8BDF34284E8E3D008432CF /* ContentView.swift */; };
		DC8BDF37284E8E3E008432CF /* Assets.xcassets in Resources */ = {isa = PBXBuildFile; fileRef = DC8BDF36284E8E3E008432CF /* Assets.xcassets */; };
		DCD846EC28565964002A123E /* UserData.swift in Sources */ = {isa = PBXBuildFile; fileRef = DCD846EB28565964002A123E /* UserData.swift */; };
		DCD846F12856956C002A123E /* Guitar.swift in Sources */ = {isa = PBXBuildFile; fileRef = DCD846F02856956C002A123E /* Guitar.swift */; };
		DCDE49BB286A22C400017E3A /* String Tension Specifications.pdf in Resources */ = {isa = PBXBuildFile; fileRef = DCDE49B9286A22C300017E3A /* String Tension Specifications.pdf */; };
		DCDE49BC286A22C400017E3A /* StringData.json in Resources */ = {isa = PBXBuildFile; fileRef = DCDE49BA286A22C400017E3A /* StringData.json */; };
		DCE595E92864B90200F174B1 /* StringDataTests.swift in Sources */ = {isa = PBXBuildFile; fileRef = DCE595E82864B90200F174B1 /* StringDataTests.swift */; };
		DCE595F02864BC9700F174B1 /* PitchTests.swift in Sources */ = {isa = PBXBuildFile; fileRef = DCE595EF2864BC9600F174B1 /* PitchTests.swift */; };
		DCE595F82864C1E000F174B1 /* Documentation.docc in Sources */ = {isa = PBXBuildFile; fileRef = DCE595F72864C1E000F174B1 /* Documentation.docc */; };
/* End PBXBuildFile section */

/* Begin PBXContainerItemProxy section */
		DCE595EA2864B90200F174B1 /* PBXContainerItemProxy */ = {
			isa = PBXContainerItemProxy;
			containerPortal = DC8BDF27284E8E3D008432CF /* Project object */;
			proxyType = 1;
			remoteGlobalIDString = DC8BDF2E284E8E3D008432CF;
			remoteInfo = Tensity;
		};
/* End PBXContainerItemProxy section */

/* Begin PBXFileReference section */
		DC6296BF285A7A7500A6161C /* StringTensionTable.swift */ = {isa = PBXFileReference; lastKnownFileType = sourcecode.swift; path = StringTensionTable.swift; sourceTree = "<group>"; };
		DC6BF178284FE72B0071459D /* Pitch.swift */ = {isa = PBXFileReference; lastKnownFileType = sourcecode.swift; path = Pitch.swift; sourceTree = "<group>"; };
		DC6BF17A28514DCC0071459D /* StringData.swift */ = {isa = PBXFileReference; lastKnownFileType = sourcecode.swift; path = StringData.swift; sourceTree = "<group>"; };
		DC6FC6B3285D1DF900B8F2A4 /* NavPicker.swift */ = {isa = PBXFileReference; lastKnownFileType = sourcecode.swift; path = NavPicker.swift; sourceTree = "<group>"; };
		DC6FC6B5285D39D400B8F2A4 /* ScaleLengthView.swift */ = {isa = PBXFileReference; lastKnownFileType = sourcecode.swift; path = ScaleLengthView.swift; sourceTree = "<group>"; };
		DC6FC6B7285E3FD000B8F2A4 /* AboutView.swift */ = {isa = PBXFileReference; lastKnownFileType = sourcecode.swift; path = AboutView.swift; sourceTree = "<group>"; };
		DC6FC6B9285E889400B8F2A4 /* PdfReader.swift */ = {isa = PBXFileReference; lastKnownFileType = sourcecode.swift; path = PdfReader.swift; sourceTree = "<group>"; };
		DC6FC6BB285F8DA500B8F2A4 /* GuitarTraits.swift */ = {isa = PBXFileReference; lastKnownFileType = sourcecode.swift; path = GuitarTraits.swift; sourceTree = "<group>"; };
		DC6FC6BD28610FCC00B8F2A4 /* ObservedArray.swift */ = {isa = PBXFileReference; lastKnownFileType = sourcecode.swift; path = ObservedArray.swift; sourceTree = "<group>"; };
		DC84EF44286642E6009A0175 /* StringChoicesTests.swift */ = {isa = PBXFileReference; lastKnownFileType = sourcecode.swift; path = StringChoicesTests.swift; sourceTree = "<group>"; };
		DC84EF46286644D8009A0175 /* GuitarTests.swift */ = {isa = PBXFileReference; lastKnownFileType = sourcecode.swift; path = GuitarTests.swift; sourceTree = "<group>"; };
		DC84EF4828665AC2009A0175 /* TunedString.swift */ = {isa = PBXFileReference; lastKnownFileType = sourcecode.swift; path = TunedString.swift; sourceTree = "<group>"; };
		DC84EF4A28665AD1009A0175 /* StringChoices.swift */ = {isa = PBXFileReference; lastKnownFileType = sourcecode.swift; path = StringChoices.swift; sourceTree = "<group>"; };
		DC84EF4C28667963009A0175 /* Info.plist */ = {isa = PBXFileReference; lastKnownFileType = text.plist; path = Info.plist; sourceTree = "<group>"; };
		DC8BDF2F284E8E3D008432CF /* Tensity.app */ = {isa = PBXFileReference; explicitFileType = wrapper.application; includeInIndex = 0; path = Tensity.app; sourceTree = BUILT_PRODUCTS_DIR; };
		DC8BDF32284E8E3D008432CF /* TensityApp.swift */ = {isa = PBXFileReference; lastKnownFileType = sourcecode.swift; path = TensityApp.swift; sourceTree = "<group>"; };
		DC8BDF34284E8E3D008432CF /* ContentView.swift */ = {isa = PBXFileReference; lastKnownFileType = sourcecode.swift; path = ContentView.swift; sourceTree = "<group>"; };
		DC8BDF36284E8E3E008432CF /* Assets.xcassets */ = {isa = PBXFileReference; lastKnownFileType = folder.assetcatalog; path = Assets.xcassets; sourceTree = "<group>"; };
		DCD846EB28565964002A123E /* UserData.swift */ = {isa = PBXFileReference; lastKnownFileType = sourcecode.swift; path = UserData.swift; sourceTree = "<group>"; };
		DCD846F02856956C002A123E /* Guitar.swift */ = {isa = PBXFileReference; lastKnownFileType = sourcecode.swift; path = Guitar.swift; sourceTree = "<group>"; };
		DCDE49B9286A22C300017E3A /* String Tension Specifications.pdf */ = {isa = PBXFileReference; lastKnownFileType = image.pdf; path = "String Tension Specifications.pdf"; sourceTree = "<group>"; };
		DCDE49BA286A22C400017E3A /* StringData.json */ = {isa = PBXFileReference; fileEncoding = 4; lastKnownFileType = text.json; path = StringData.json; sourceTree = "<group>"; };
		DCE595E62864B90200F174B1 /* TensityTests.xctest */ = {isa = PBXFileReference; explicitFileType = wrapper.cfbundle; includeInIndex = 0; path = TensityTests.xctest; sourceTree = BUILT_PRODUCTS_DIR; };
		DCE595E82864B90200F174B1 /* StringDataTests.swift */ = {isa = PBXFileReference; lastKnownFileType = sourcecode.swift; path = StringDataTests.swift; sourceTree = "<group>"; };
		DCE595EF2864BC9600F174B1 /* PitchTests.swift */ = {isa = PBXFileReference; lastKnownFileType = sourcecode.swift; path = PitchTests.swift; sourceTree = "<group>"; };
		DCE595F72864C1E000F174B1 /* Documentation.docc */ = {isa = PBXFileReference; lastKnownFileType = folder.documentationcatalog; path = Documentation.docc; sourceTree = "<group>"; };
/* End PBXFileReference section */

/* Begin PBXFrameworksBuildPhase section */
		DC8BDF2C284E8E3D008432CF /* Frameworks */ = {
			isa = PBXFrameworksBuildPhase;
			buildActionMask = 2147483647;
			files = (
			);
			runOnlyForDeploymentPostprocessing = 0;
		};
		DCE595E32864B90200F174B1 /* Frameworks */ = {
			isa = PBXFrameworksBuildPhase;
			buildActionMask = 2147483647;
			files = (
			);
			runOnlyForDeploymentPostprocessing = 0;
		};
/* End PBXFrameworksBuildPhase section */

/* Begin PBXGroup section */
		DC84EF4D2868C849009A0175 /* Resources */ = {
			isa = PBXGroup;
			children = (
				DCDE49B9286A22C300017E3A /* String Tension Specifications.pdf */,
				DCDE49BA286A22C400017E3A /* StringData.json */,
			);
			path = Resources;
			sourceTree = "<group>";
		};
		DC8BDF26284E8E3D008432CF = {
			isa = PBXGroup;
			children = (
				DC8BDF31284E8E3D008432CF /* Tensity */,
				DCE595E72864B90200F174B1 /* TensityTests */,
				DC8BDF30284E8E3D008432CF /* Products */,
			);
			sourceTree = "<group>";
		};
		DC8BDF30284E8E3D008432CF /* Products */ = {
			isa = PBXGroup;
			children = (
				DC8BDF2F284E8E3D008432CF /* Tensity.app */,
				DCE595E62864B90200F174B1 /* TensityTests.xctest */,
			);
			name = Products;
			sourceTree = "<group>";
		};
		DC8BDF31284E8E3D008432CF /* Tensity */ = {
			isa = PBXGroup;
			children = (
				DC8BDF36284E8E3E008432CF /* Assets.xcassets */,
				DCE595F72864C1E000F174B1 /* Documentation.docc */,
				DC84EF4C28667963009A0175 /* Info.plist */,
				DCD846F22857C1AB002A123E /* Model */,
				DC84EF4D2868C849009A0175 /* Resources */,
				DCE595F12864BF9300F174B1 /* View */,
			);
			path = Tensity;
			sourceTree = "<group>";
		};
		DCD846F22857C1AB002A123E /* Model */ = {
			isa = PBXGroup;
			children = (
				DCD846F02856956C002A123E /* Guitar.swift */,
				DC6FC6BB285F8DA500B8F2A4 /* GuitarTraits.swift */,
				DC6FC6BD28610FCC00B8F2A4 /* ObservedArray.swift */,
				DC6BF178284FE72B0071459D /* Pitch.swift */,
				DC6BF17A28514DCC0071459D /* StringData.swift */,
				DCD846EB28565964002A123E /* UserData.swift */,
				DC84EF4828665AC2009A0175 /* TunedString.swift */,
				DC84EF4A28665AD1009A0175 /* StringChoices.swift */,
			);
			path = Model;
			sourceTree = "<group>";
		};
		DCE595E72864B90200F174B1 /* TensityTests */ = {
			isa = PBXGroup;
			children = (
				DC84EF46286644D8009A0175 /* GuitarTests.swift */,
				DCE595EF2864BC9600F174B1 /* PitchTests.swift */,
				DC84EF44286642E6009A0175 /* StringChoicesTests.swift */,
				DCE595E82864B90200F174B1 /* StringDataTests.swift */,
			);
			path = TensityTests;
			sourceTree = "<group>";
		};
		DCE595F12864BF9300F174B1 /* View */ = {
			isa = PBXGroup;
			children = (
				DC6FC6B7285E3FD000B8F2A4 /* AboutView.swift */,
				DC8BDF34284E8E3D008432CF /* ContentView.swift */,
				DC6FC6B3285D1DF900B8F2A4 /* NavPicker.swift */,
				DC6FC6B9285E889400B8F2A4 /* PdfReader.swift */,
				DC6296BF285A7A7500A6161C /* StringTensionTable.swift */,
				DC6FC6B5285D39D400B8F2A4 /* ScaleLengthView.swift */,
				DC8BDF32284E8E3D008432CF /* TensityApp.swift */,
			);
			path = View;
			sourceTree = "<group>";
		};
/* End PBXGroup section */

/* Begin PBXNativeTarget section */
		DC8BDF2E284E8E3D008432CF /* Tensity */ = {
			isa = PBXNativeTarget;
			buildConfigurationList = DC8BDF3D284E8E3E008432CF /* Build configuration list for PBXNativeTarget "Tensity" */;
			buildPhases = (
				DC8BDF2B284E8E3D008432CF /* Sources */,
				DC8BDF2C284E8E3D008432CF /* Frameworks */,
				DC8BDF2D284E8E3D008432CF /* Resources */,
			);
			buildRules = (
			);
			dependencies = (
			);
			name = Tensity;
			productName = StringTensionCalculator;
			productReference = DC8BDF2F284E8E3D008432CF /* Tensity.app */;
			productType = "com.apple.product-type.application";
		};
		DCE595E52864B90200F174B1 /* TensityTests */ = {
			isa = PBXNativeTarget;
			buildConfigurationList = DCE595EC2864B90300F174B1 /* Build configuration list for PBXNativeTarget "TensityTests" */;
			buildPhases = (
				DCE595E22864B90200F174B1 /* Sources */,
				DCE595E32864B90200F174B1 /* Frameworks */,
				DCE595E42864B90200F174B1 /* Resources */,
			);
			buildRules = (
			);
			dependencies = (
				DCE595EB2864B90200F174B1 /* PBXTargetDependency */,
			);
			name = TensityTests;
			productName = TensityTests;
			productReference = DCE595E62864B90200F174B1 /* TensityTests.xctest */;
			productType = "com.apple.product-type.bundle.unit-test";
		};
/* End PBXNativeTarget section */

/* Begin PBXProject section */
		DC8BDF27284E8E3D008432CF /* Project object */ = {
			isa = PBXProject;
			attributes = {
				BuildIndependentTargetsInParallel = 1;
				LastSwiftUpdateCheck = 1340;
				LastUpgradeCheck = 1340;
				TargetAttributes = {
					DC8BDF2E284E8E3D008432CF = {
						CreatedOnToolsVersion = 13.4;
					};
					DCE595E52864B90200F174B1 = {
						CreatedOnToolsVersion = 13.4;
						TestTargetID = DC8BDF2E284E8E3D008432CF;
					};
				};
			};
			buildConfigurationList = DC8BDF2A284E8E3D008432CF /* Build configuration list for PBXProject "Tensity" */;
			compatibilityVersion = "Xcode 13.0";
			developmentRegion = en;
			hasScannedForEncodings = 0;
			knownRegions = (
				en,
				Base,
			);
			mainGroup = DC8BDF26284E8E3D008432CF;
			packageReferences = (
			);
			productRefGroup = DC8BDF30284E8E3D008432CF /* Products */;
			projectDirPath = "";
			projectRoot = "";
			targets = (
				DC8BDF2E284E8E3D008432CF /* Tensity */,
				DCE595E52864B90200F174B1 /* TensityTests */,
			);
		};
/* End PBXProject section */

/* Begin PBXResourcesBuildPhase section */
		DC8BDF2D284E8E3D008432CF /* Resources */ = {
			isa = PBXResourcesBuildPhase;
			buildActionMask = 2147483647;
			files = (
				DCDE49BB286A22C400017E3A /* String Tension Specifications.pdf in Resources */,
				DCDE49BC286A22C400017E3A /* StringData.json in Resources */,
				DC8BDF37284E8E3E008432CF /* Assets.xcassets in Resources */,
			);
			runOnlyForDeploymentPostprocessing = 0;
		};
		DCE595E42864B90200F174B1 /* Resources */ = {
			isa = PBXResourcesBuildPhase;
			buildActionMask = 2147483647;
			files = (
			);
			runOnlyForDeploymentPostprocessing = 0;
		};
/* End PBXResourcesBuildPhase section */

/* Begin PBXSourcesBuildPhase section */
		DC8BDF2B284E8E3D008432CF /* Sources */ = {
			isa = PBXSourcesBuildPhase;
			buildActionMask = 2147483647;
			files = (
				DCD846F12856956C002A123E /* Guitar.swift in Sources */,
				DC6FC6BC285F8DA600B8F2A4 /* GuitarTraits.swift in Sources */,
				DC6BF199285257590071459D /* StringData.swift in Sources */,
				DC84EF4928665AC2009A0175 /* TunedString.swift in Sources */,
				DC6FC6BE28610FCC00B8F2A4 /* ObservedArray.swift in Sources */,
				DC6BF179284FE72B0071459D /* Pitch.swift in Sources */,
				DC6FC6B8285E3FD000B8F2A4 /* AboutView.swift in Sources */,
				DC84EF4B28665AD1009A0175 /* StringChoices.swift in Sources */,
				DC6FC6B6285D39D400B8F2A4 /* ScaleLengthView.swift in Sources */,
				DC8BDF35284E8E3D008432CF /* ContentView.swift in Sources */,
				DC6FC6B4285D1DF900B8F2A4 /* NavPicker.swift in Sources */,
				DC6296C0285A7A7500A6161C /* StringTensionTable.swift in Sources */,
				DC6FC6BA285E889400B8F2A4 /* PdfReader.swift in Sources */,
				DCD846EC28565964002A123E /* UserData.swift in Sources */,
				DCE595F82864C1E000F174B1 /* Documentation.docc in Sources */,
				DC8BDF33284E8E3D008432CF /* TensityApp.swift in Sources */,
			);
			runOnlyForDeploymentPostprocessing = 0;
		};
		DCE595E22864B90200F174B1 /* Sources */ = {
			isa = PBXSourcesBuildPhase;
			buildActionMask = 2147483647;
			files = (
				DC84EF45286642E6009A0175 /* StringChoicesTests.swift in Sources */,
				DCE595F02864BC9700F174B1 /* PitchTests.swift in Sources */,
				DCE595E92864B90200F174B1 /* StringDataTests.swift in Sources */,
				DC84EF47286644D8009A0175 /* GuitarTests.swift in Sources */,
			);
			runOnlyForDeploymentPostprocessing = 0;
		};
/* End PBXSourcesBuildPhase section */

/* Begin PBXTargetDependency section */
		DCE595EB2864B90200F174B1 /* PBXTargetDependency */ = {
			isa = PBXTargetDependency;
			target = DC8BDF2E284E8E3D008432CF /* Tensity */;
			targetProxy = DCE595EA2864B90200F174B1 /* PBXContainerItemProxy */;
		};
/* End PBXTargetDependency section */

/* Begin XCBuildConfiguration section */
		DC8BDF3B284E8E3E008432CF /* Debug */ = {
			isa = XCBuildConfiguration;
			buildSettings = {
				ALWAYS_SEARCH_USER_PATHS = NO;
				CLANG_ANALYZER_NONNULL = YES;
				CLANG_ANALYZER_NUMBER_OBJECT_CONVERSION = YES_AGGRESSIVE;
				CLANG_CXX_LANGUAGE_STANDARD = "gnu++17";
				CLANG_ENABLE_MODULES = YES;
				CLANG_ENABLE_OBJC_ARC = YES;
				CLANG_ENABLE_OBJC_WEAK = YES;
				CLANG_WARN_BLOCK_CAPTURE_AUTORELEASING = YES;
				CLANG_WARN_BOOL_CONVERSION = YES;
				CLANG_WARN_COMMA = YES;
				CLANG_WARN_CONSTANT_CONVERSION = YES;
				CLANG_WARN_DEPRECATED_OBJC_IMPLEMENTATIONS = YES;
				CLANG_WARN_DIRECT_OBJC_ISA_USAGE = YES_ERROR;
				CLANG_WARN_DOCUMENTATION_COMMENTS = YES;
				CLANG_WARN_EMPTY_BODY = YES;
				CLANG_WARN_ENUM_CONVERSION = YES;
				CLANG_WARN_INFINITE_RECURSION = YES;
				CLANG_WARN_INT_CONVERSION = YES;
				CLANG_WARN_NON_LITERAL_NULL_CONVERSION = YES;
				CLANG_WARN_OBJC_IMPLICIT_RETAIN_SELF = YES;
				CLANG_WARN_OBJC_LITERAL_CONVERSION = YES;
				CLANG_WARN_OBJC_ROOT_CLASS = YES_ERROR;
				CLANG_WARN_QUOTED_INCLUDE_IN_FRAMEWORK_HEADER = YES;
				CLANG_WARN_RANGE_LOOP_ANALYSIS = YES;
				CLANG_WARN_STRICT_PROTOTYPES = YES;
				CLANG_WARN_SUSPICIOUS_MOVE = YES;
				CLANG_WARN_UNGUARDED_AVAILABILITY = YES_AGGRESSIVE;
				CLANG_WARN_UNREACHABLE_CODE = YES;
				CLANG_WARN__DUPLICATE_METHOD_MATCH = YES;
				COPY_PHASE_STRIP = NO;
				DEBUG_INFORMATION_FORMAT = dwarf;
				ENABLE_STRICT_OBJC_MSGSEND = YES;
				ENABLE_TESTABILITY = YES;
				GCC_C_LANGUAGE_STANDARD = gnu11;
				GCC_DYNAMIC_NO_PIC = NO;
				GCC_NO_COMMON_BLOCKS = YES;
				GCC_OPTIMIZATION_LEVEL = 0;
				GCC_PREPROCESSOR_DEFINITIONS = (
					"DEBUG=1",
					"$(inherited)",
				);
				GCC_WARN_64_TO_32_BIT_CONVERSION = YES;
				GCC_WARN_ABOUT_RETURN_TYPE = YES_ERROR;
				GCC_WARN_UNDECLARED_SELECTOR = YES;
				GCC_WARN_UNINITIALIZED_AUTOS = YES_AGGRESSIVE;
				GCC_WARN_UNUSED_FUNCTION = YES;
				GCC_WARN_UNUSED_VARIABLE = YES;
				IPHONEOS_DEPLOYMENT_TARGET = 15.5;
				MTL_ENABLE_DEBUG_INFO = INCLUDE_SOURCE;
				MTL_FAST_MATH = YES;
				ONLY_ACTIVE_ARCH = YES;
				SDKROOT = iphoneos;
				SWIFT_ACTIVE_COMPILATION_CONDITIONS = DEBUG;
				SWIFT_OPTIMIZATION_LEVEL = "-Onone";
			};
			name = Debug;
		};
		DC8BDF3C284E8E3E008432CF /* Release */ = {
			isa = XCBuildConfiguration;
			buildSettings = {
				ALWAYS_SEARCH_USER_PATHS = NO;
				CLANG_ANALYZER_NONNULL = YES;
				CLANG_ANALYZER_NUMBER_OBJECT_CONVERSION = YES_AGGRESSIVE;
				CLANG_CXX_LANGUAGE_STANDARD = "gnu++17";
				CLANG_ENABLE_MODULES = YES;
				CLANG_ENABLE_OBJC_ARC = YES;
				CLANG_ENABLE_OBJC_WEAK = YES;
				CLANG_WARN_BLOCK_CAPTURE_AUTORELEASING = YES;
				CLANG_WARN_BOOL_CONVERSION = YES;
				CLANG_WARN_COMMA = YES;
				CLANG_WARN_CONSTANT_CONVERSION = YES;
				CLANG_WARN_DEPRECATED_OBJC_IMPLEMENTATIONS = YES;
				CLANG_WARN_DIRECT_OBJC_ISA_USAGE = YES_ERROR;
				CLANG_WARN_DOCUMENTATION_COMMENTS = YES;
				CLANG_WARN_EMPTY_BODY = YES;
				CLANG_WARN_ENUM_CONVERSION = YES;
				CLANG_WARN_INFINITE_RECURSION = YES;
				CLANG_WARN_INT_CONVERSION = YES;
				CLANG_WARN_NON_LITERAL_NULL_CONVERSION = YES;
				CLANG_WARN_OBJC_IMPLICIT_RETAIN_SELF = YES;
				CLANG_WARN_OBJC_LITERAL_CONVERSION = YES;
				CLANG_WARN_OBJC_ROOT_CLASS = YES_ERROR;
				CLANG_WARN_QUOTED_INCLUDE_IN_FRAMEWORK_HEADER = YES;
				CLANG_WARN_RANGE_LOOP_ANALYSIS = YES;
				CLANG_WARN_STRICT_PROTOTYPES = YES;
				CLANG_WARN_SUSPICIOUS_MOVE = YES;
				CLANG_WARN_UNGUARDED_AVAILABILITY = YES_AGGRESSIVE;
				CLANG_WARN_UNREACHABLE_CODE = YES;
				CLANG_WARN__DUPLICATE_METHOD_MATCH = YES;
				COPY_PHASE_STRIP = NO;
				DEBUG_INFORMATION_FORMAT = "dwarf-with-dsym";
				ENABLE_NS_ASSERTIONS = NO;
				ENABLE_STRICT_OBJC_MSGSEND = YES;
				GCC_C_LANGUAGE_STANDARD = gnu11;
				GCC_NO_COMMON_BLOCKS = YES;
				GCC_WARN_64_TO_32_BIT_CONVERSION = YES;
				GCC_WARN_ABOUT_RETURN_TYPE = YES_ERROR;
				GCC_WARN_UNDECLARED_SELECTOR = YES;
				GCC_WARN_UNINITIALIZED_AUTOS = YES_AGGRESSIVE;
				GCC_WARN_UNUSED_FUNCTION = YES;
				GCC_WARN_UNUSED_VARIABLE = YES;
				IPHONEOS_DEPLOYMENT_TARGET = 15.5;
				MTL_ENABLE_DEBUG_INFO = NO;
				MTL_FAST_MATH = YES;
				SDKROOT = iphoneos;
				SWIFT_COMPILATION_MODE = wholemodule;
				SWIFT_OPTIMIZATION_LEVEL = "-O";
				VALIDATE_PRODUCT = YES;
			};
			name = Release;
		};
		DC8BDF3E284E8E3E008432CF /* Debug */ = {
			isa = XCBuildConfiguration;
			buildSettings = {
				ASSETCATALOG_COMPILER_APPICON_NAME = AppIcon;
				ASSETCATALOG_COMPILER_GLOBAL_ACCENT_COLOR_NAME = AccentColor;
				CODE_SIGN_STYLE = Automatic;
				CURRENT_PROJECT_VERSION = 2;
				DEVELOPMENT_ASSET_PATHS = "";
				DEVELOPMENT_TEAM = 6X2P4HJBQW;
				ENABLE_PREVIEWS = YES;
				GENERATE_INFOPLIST_FILE = YES;
				INFOPLIST_FILE = Tensity/Info.plist;
				INFOPLIST_KEY_UIApplicationSceneManifest_Generation = YES;
				INFOPLIST_KEY_UIApplicationSupportsIndirectInputEvents = YES;
				INFOPLIST_KEY_UISupportedInterfaceOrientations_iPad = "UIInterfaceOrientationPortrait UIInterfaceOrientationPortraitUpsideDown UIInterfaceOrientationLandscapeLeft UIInterfaceOrientationLandscapeRight";
				INFOPLIST_KEY_UISupportedInterfaceOrientations_iPhone = "UIInterfaceOrientationPortrait UIInterfaceOrientationLandscapeLeft UIInterfaceOrientationLandscapeRight";
				LD_RUNPATH_SEARCH_PATHS = (
					"$(inherited)",
					"@executable_path/Frameworks",
				);
				MARKETING_VERSION = 1.0.1;
				PRODUCT_BUNDLE_IDENTIFIER = com.stephenbensley.Tensity;
				PRODUCT_NAME = "$(TARGET_NAME)";
				SWIFT_EMIT_LOC_STRINGS = YES;
				SWIFT_VERSION = 5.0;
				TARGETED_DEVICE_FAMILY = "1,2";
			};
			name = Debug;
		};
		DC8BDF3F284E8E3E008432CF /* Release */ = {
			isa = XCBuildConfiguration;
			buildSettings = {
				ASSETCATALOG_COMPILER_APPICON_NAME = AppIcon;
				ASSETCATALOG_COMPILER_GLOBAL_ACCENT_COLOR_NAME = AccentColor;
				CODE_SIGN_STYLE = Automatic;
				CURRENT_PROJECT_VERSION = 2;
				DEVELOPMENT_ASSET_PATHS = "";
				DEVELOPMENT_TEAM = 6X2P4HJBQW;
				ENABLE_PREVIEWS = YES;
				GENERATE_INFOPLIST_FILE = YES;
				INFOPLIST_FILE = Tensity/Info.plist;
				INFOPLIST_KEY_UIApplicationSceneManifest_Generation = YES;
				INFOPLIST_KEY_UIApplicationSupportsIndirectInputEvents = YES;
				INFOPLIST_KEY_UISupportedInterfaceOrientations_iPad = "UIInterfaceOrientationPortrait UIInterfaceOrientationPortraitUpsideDown UIInterfaceOrientationLandscapeLeft UIInterfaceOrientationLandscapeRight";
				INFOPLIST_KEY_UISupportedInterfaceOrientations_iPhone = "UIInterfaceOrientationPortrait UIInterfaceOrientationLandscapeLeft UIInterfaceOrientationLandscapeRight";
				LD_RUNPATH_SEARCH_PATHS = (
					"$(inherited)",
					"@executable_path/Frameworks",
				);
				MARKETING_VERSION = 1.0.1;
				PRODUCT_BUNDLE_IDENTIFIER = com.stephenbensley.Tensity;
				PRODUCT_NAME = "$(TARGET_NAME)";
				SWIFT_EMIT_LOC_STRINGS = YES;
				SWIFT_VERSION = 5.0;
				TARGETED_DEVICE_FAMILY = "1,2";
			};
			name = Release;
		};
		DCE595ED2864B90300F174B1 /* Debug */ = {
			isa = XCBuildConfiguration;
			buildSettings = {
				BUNDLE_LOADER = "$(TEST_HOST)";
				CODE_SIGN_STYLE = Automatic;
				CURRENT_PROJECT_VERSION = 1;
				DEVELOPMENT_TEAM = 6X2P4HJBQW;
				GENERATE_INFOPLIST_FILE = YES;
				MARKETING_VERSION = 1.0;
				PRODUCT_BUNDLE_IDENTIFIER = com.stephenbensley.TensityTests;
				PRODUCT_NAME = "$(TARGET_NAME)";
				SWIFT_EMIT_LOC_STRINGS = NO;
				SWIFT_VERSION = 5.0;
				TARGETED_DEVICE_FAMILY = "1,2";
				TEST_HOST = "$(BUILT_PRODUCTS_DIR)/Tensity.app/Tensity";
			};
			name = Debug;
		};
		DCE595EE2864B90300F174B1 /* Release */ = {
			isa = XCBuildConfiguration;
			buildSettings = {
				BUNDLE_LOADER = "$(TEST_HOST)";
				CODE_SIGN_STYLE = Automatic;
				CURRENT_PROJECT_VERSION = 1;
				DEVELOPMENT_TEAM = 6X2P4HJBQW;
				GENERATE_INFOPLIST_FILE = YES;
				MARKETING_VERSION = 1.0;
				PRODUCT_BUNDLE_IDENTIFIER = com.stephenbensley.TensityTests;
				PRODUCT_NAME = "$(TARGET_NAME)";
				SWIFT_EMIT_LOC_STRINGS = NO;
				SWIFT_VERSION = 5.0;
				TARGETED_DEVICE_FAMILY = "1,2";
				TEST_HOST = "$(BUILT_PRODUCTS_DIR)/Tensity.app/Tensity";
			};
			name = Release;
		};
/* End XCBuildConfiguration section */

/* Begin XCConfigurationList section */
		DC8BDF2A284E8E3D008432CF /* Build configuration list for PBXProject "Tensity" */ = {
			isa = XCConfigurationList;
			buildConfigurations = (
				DC8BDF3B284E8E3E008432CF /* Debug */,
				DC8BDF3C284E8E3E008432CF /* Release */,
			);
			defaultConfigurationIsVisible = 0;
			defaultConfigurationName = Release;
		};
		DC8BDF3D284E8E3E008432CF /* Build configuration list for PBXNativeTarget "Tensity" */ = {
			isa = XCConfigurationList;
			buildConfigurations = (
				DC8BDF3E284E8E3E008432CF /* Debug */,
				DC8BDF3F284E8E3E008432CF /* Release */,
			);
			defaultConfigurationIsVisible = 0;
			defaultConfigurationName = Release;
		};
		DCE595EC2864B90300F174B1 /* Build configuration list for PBXNativeTarget "TensityTests" */ = {
			isa = XCConfigurationList;
			buildConfigurations = (
				DCE595ED2864B90300F174B1 /* Debug */,
				DCE595EE2864B90300F174B1 /* Release */,
			);
			defaultConfigurationIsVisible = 0;
			defaultConfigurationName = Release;
		};
/* End XCConfigurationList section */
	};
	rootObject = DC8BDF27284E8E3D008432CF /* Project object */;
}
