{
  "originHash" : "9904166925030d438115cf3427cde4d59a2e94263ad3f7cb6cc541da2d8f7430",
  "pins" : [
    {
      "identity" : "utilikit",
      "kind" : "remoteSourceControl",
      "location" : "https://github.com/stephenbensley/UtiliKit",
      "state" : {
        "branch" : "main",
        "revision" : "1fbde88ab0b8c0efae83eaf29a929f71e5a4fd26"
      }
    }
  ],
  "version" : 3
}
